
Microsoft Visual Studio Solution File, Format Version 12.00
# Visual Studio Version 17
VisualStudioVersion = 17.8.34330.188
MinimumVisualStudioVersion = 10.0.40219.1
Project("{FAE04EC0-301F-11D3-BF4B-00C04F79EFBC}") = "Crosswordl", "Crosswordl.csproj", "{EE628453-2B2A-454E-A9C2-192EB0D8AFBD}"
EndProject
Global
	GlobalSection(SolutionConfigurationPlatforms) = preSolution
		Debug|Any CPU = Debug|Any CPU
		Release|Any CPU = Release|Any CPU
	EndGlobalSection
	GlobalSection(ProjectConfigurationPlatforms) = postSolution
		{EE628453-2B2A-454E-A9C2-192EB0D8AFBD}.Debug|Any CPU.ActiveCfg = Debug|Any CPU
		{EE628453-2B2A-454E-A9C2-192EB0D8AFBD}.Debug|Any CPU.Build.0 = Debug|Any CPU
		{EE628453-2B2A-454E-A9C2-192EB0D8AFBD}.Release|Any CPU.ActiveCfg = Release|Any CPU
		{EE628453-2B2A-454E-A9C2-192EB0D8AFBD}.Release|Any CPU.Build.0 = Release|Any CPU
	EndGlobalSection
	GlobalSection(SolutionProperties) = preSolution
		HideSolutionNode = FALSE
	EndGlobalSection
	GlobalSection(ExtensibilityGlobals) = postSolution
		SolutionGuid = {C0E44AD2-AB17-4971-B667-3C6B43D30330}
	EndGlobalSection
EndGlobal
